# THIS IS AN AUTOGENERATED FILE. DO NOT EDIT THIS FILE DIRECTLY.
# yarn lockfile v1


husky-init@^8.0.0:
  version "8.0.0"
  resolved "https://registry.yarnpkg.com/husky-init/-/husky-init-8.0.0.tgz#af1773803a44a0625a2d9d415cc892f51847e7d0"
  integrity sha512-P9qq7eOInj853p57QhK/QDKahx8Vd+hWWmzA+N+Q3/dsHH+DFUeRurRd6ZSFzF1Ol/6yUS+fa9yMw5Dao0pxxw==
  dependencies:
    husky "^8.0.0"

husky@^8.0.0:
  version "8.0.3"
  resolved "https://registry.yarnpkg.com/husky/-/husky-8.0.3.tgz#4936d7212e46d1dea28fef29bb3a108872cd9184"
  integrity sha512-+dQSyqPh4x1hlO1swXBiNb2HzTDN1I2IGLQx1GrBuiqFJfoMrnZWwVmatvSiO+Iz8fBUnf+lekwNo4c2LlXItg==
